PODS:
  - NXDrawKit (0.3.4):
    - SnapKit (~> 0.22.0)
  - RSKImageCropper (1.5.1)
  - SnapKit (0.22.0)

DEPENDENCIES:
  - NXDrawKit (from `../`)
  - RSKImageCropper
  - SnapKit (= 0.22.0)

EXTERNAL SOURCES:
  NXDrawKit:
    :path: ../

SPEC CHECKSUMS:
  NXDrawKit: 91ae91a0aef3df0d634ce7139066b5525c15213f
  RSKImageCropper: edd65fedb3734332818deb139906d6b7f54b8a44
  SnapKit: 0dd2fd157330f1ea11fd84da13e6be8a7a22bae0

PODFILE CHECKSUM: 1a8bb3b2c9390b051d12bdcc2792500e3a5871c4

COCOAPODS: 1.0.1
